
Microsoft Visual Studio Solution File, Format Version 12.00
Project("{FAE04EC0-301F-11D3-BF4B-00C04F79EFBC}") = "IChirper.Api", "IChirper.Api\IChirper.Api.csproj", "{655B06AD-261F-4A85-973D-C3C38C547C63}"
EndProject
Project("{FAE04EC0-301F-11D3-BF4B-00C04F79EFBC}") = "IChirper.UnitTests", "IChirper.UnitTests\IChirper.UnitTests.csproj", "{4F32D6D8-496D-470C-AFF4-F3683ECBE4B5}"
EndProject
Project("{FAE04EC0-301F-11D3-BF4B-00C04F79EFBC}") = "IChirper.Services", "IChirper.Services\IChirper.Services.csproj", "{7B899414-C956-4C5A-9F53-CFD846CB98D4}"
EndProject
Project("{FAE04EC0-301F-11D3-BF4B-00C04F79EFBC}") = "IChirper.Repositories", "IChirper.Repositories\IChirper.Repositories.csproj", "{7889EE51-50E7-4844-A191-78E409817F3C}"
EndProject
Global
	GlobalSection(SolutionConfigurationPlatforms) = preSolution
		Debug|Any CPU = Debug|Any CPU
		Release|Any CPU = Release|Any CPU
	EndGlobalSection
	GlobalSection(ProjectConfigurationPlatforms) = postSolution
		{655B06AD-261F-4A85-973D-C3C38C547C63}.Debug|Any CPU.ActiveCfg = Debug|Any CPU
		{655B06AD-261F-4A85-973D-C3C38C547C63}.Debug|Any CPU.Build.0 = Debug|Any CPU
		{655B06AD-261F-4A85-973D-C3C38C547C63}.Release|Any CPU.ActiveCfg = Release|Any CPU
		{655B06AD-261F-4A85-973D-C3C38C547C63}.Release|Any CPU.Build.0 = Release|Any CPU
		{4F32D6D8-496D-470C-AFF4-F3683ECBE4B5}.Debug|Any CPU.ActiveCfg = Debug|Any CPU
		{4F32D6D8-496D-470C-AFF4-F3683ECBE4B5}.Debug|Any CPU.Build.0 = Debug|Any CPU
		{4F32D6D8-496D-470C-AFF4-F3683ECBE4B5}.Release|Any CPU.ActiveCfg = Release|Any CPU
		{4F32D6D8-496D-470C-AFF4-F3683ECBE4B5}.Release|Any CPU.Build.0 = Release|Any CPU
		{7B899414-C956-4C5A-9F53-CFD846CB98D4}.Debug|Any CPU.ActiveCfg = Debug|Any CPU
		{7B899414-C956-4C5A-9F53-CFD846CB98D4}.Debug|Any CPU.Build.0 = Debug|Any CPU
		{7B899414-C956-4C5A-9F53-CFD846CB98D4}.Release|Any CPU.ActiveCfg = Release|Any CPU
		{7B899414-C956-4C5A-9F53-CFD846CB98D4}.Release|Any CPU.Build.0 = Release|Any CPU
		{7889EE51-50E7-4844-A191-78E409817F3C}.Debug|Any CPU.ActiveCfg = Debug|Any CPU
		{7889EE51-50E7-4844-A191-78E409817F3C}.Debug|Any CPU.Build.0 = Debug|Any CPU
		{7889EE51-50E7-4844-A191-78E409817F3C}.Release|Any CPU.ActiveCfg = Release|Any CPU
		{7889EE51-50E7-4844-A191-78E409817F3C}.Release|Any CPU.Build.0 = Release|Any CPU
	EndGlobalSection
	GlobalSection(NestedProjects) = preSolution
	EndGlobalSection
EndGlobal
