
Microsoft Visual Studio Solution File, Format Version 12.00
Project("{FAE04EC0-301F-11D3-BF4B-00C04F79EFBC}") = "IChirper.Api", "IChirper.Api\IChirper.Api.csproj", "{655B06AD-261F-4A85-973D-C3C38C547C63}"
EndProject
Project("{FAE04EC0-301F-11D3-BF4B-00C04F79EFBC}") = "IChirper.Tests", "IChirper.Tests\IChirper.Tests.csproj", "{E26F7266-09A4-47EC-ABC5-8FE8F8CC219C}"
EndProject
Project("{FAE04EC0-301F-11D3-BF4B-00C04F79EFBC}") = "IChirper.Repositories", "IChirper.Repositories\IChirper.Repositories.csproj", "{9CFCC557-6E30-4592-B851-012D702C04F2}"
EndProject
Project("{FAE04EC0-301F-11D3-BF4B-00C04F79EFBC}") = "IChirper.Services", "IChirper.Services\IChirper.Services.csproj", "{47389630-3FD0-41A0-9E5F-F275A46614F5}"
EndProject
Global
	GlobalSection(SolutionConfigurationPlatforms) = preSolution
		Debug|Any CPU = Debug|Any CPU
		Release|Any CPU = Release|Any CPU
	EndGlobalSection
	GlobalSection(ProjectConfigurationPlatforms) = postSolution
		{655B06AD-261F-4A85-973D-C3C38C547C63}.Debug|Any CPU.ActiveCfg = Debug|Any CPU
		{655B06AD-261F-4A85-973D-C3C38C547C63}.Debug|Any CPU.Build.0 = Debug|Any CPU
		{655B06AD-261F-4A85-973D-C3C38C547C63}.Release|Any CPU.ActiveCfg = Release|Any CPU
		{655B06AD-261F-4A85-973D-C3C38C547C63}.Release|Any CPU.Build.0 = Release|Any CPU
		{E26F7266-09A4-47EC-ABC5-8FE8F8CC219C}.Debug|Any CPU.ActiveCfg = Debug|Any CPU
		{E26F7266-09A4-47EC-ABC5-8FE8F8CC219C}.Debug|Any CPU.Build.0 = Debug|Any CPU
		{E26F7266-09A4-47EC-ABC5-8FE8F8CC219C}.Release|Any CPU.ActiveCfg = Release|Any CPU
		{E26F7266-09A4-47EC-ABC5-8FE8F8CC219C}.Release|Any CPU.Build.0 = Release|Any CPU
		{9CFCC557-6E30-4592-B851-012D702C04F2}.Debug|Any CPU.ActiveCfg = Debug|Any CPU
		{9CFCC557-6E30-4592-B851-012D702C04F2}.Debug|Any CPU.Build.0 = Debug|Any CPU
		{9CFCC557-6E30-4592-B851-012D702C04F2}.Release|Any CPU.ActiveCfg = Release|Any CPU
		{9CFCC557-6E30-4592-B851-012D702C04F2}.Release|Any CPU.Build.0 = Release|Any CPU
		{47389630-3FD0-41A0-9E5F-F275A46614F5}.Debug|Any CPU.ActiveCfg = Debug|Any CPU
		{47389630-3FD0-41A0-9E5F-F275A46614F5}.Debug|Any CPU.Build.0 = Debug|Any CPU
		{47389630-3FD0-41A0-9E5F-F275A46614F5}.Release|Any CPU.ActiveCfg = Release|Any CPU
		{47389630-3FD0-41A0-9E5F-F275A46614F5}.Release|Any CPU.Build.0 = Release|Any CPU
	EndGlobalSection
	GlobalSection(NestedProjects) = preSolution
	EndGlobalSection
EndGlobal
